# This file is automatically @generated by Poetry 2.0.1 and should not be changed by hand.

[[package]]
name = "ac-library-python"
version = "0.1.0"
description = "Python port of AtCoder Library (ACL)."
optional = false
python-versions = "*"
groups = ["main"]
files = [
    {file = "ac_library_python-0.1.0-py3-none-any.whl", hash = "sha256:569cdaf4837e9b820c867b1c7546483542e0e08c8a2732b5fefa11aa917d1d9d"},
    {file = "ac_library_python-0.1.0.tar.gz", hash = "sha256:1319283074a7df95d13431b4fbc80bd98c69ae20442e3266cc4bb5e39dea766a"},
]

[package.extras]
benchmark = ["asv", "virtualenv"]
docs = ["sphinx", "sphinx-rtd-theme"]
lint = ["flake8", "mypy", "pep8-naming"]
test = ["pytest"]

[[package]]
name = "bitarray"
version = "3.0.0"
description = "efficient arrays of booleans -- C extension"
optional = false
python-versions = "*"
groups = ["main"]
files = [
    {file = "bitarray-3.0.0-cp310-cp310-macosx_10_9_universal2.whl", hash = "sha256:5ddbf71a97ad1d6252e6e93d2d703b624d0a5b77c153b12f9ea87d83e1250e0c"},
    {file = "bitarray-3.0.0-cp310-cp310-macosx_10_9_x86_64.whl", hash = "sha256:e0e7f24a0b01e6e6a0191c50b06ca8edfdec1988d9d2b264d669d2487f4f4680"},
    {file = "bitarray-3.0.0-cp310-cp310-macosx_11_0_arm64.whl", hash = "sha256:150b7b29c36d9f1a24779aea723fdfc73d1c1c161dc0ea14990da27d4e947092"},
    {file = "bitarray-3.0.0-cp310-cp310-manylinux_2_17_aarch64.manylinux2014_aarch64.whl", hash = "sha256:8330912be6cb8e2fbfe8eb69f82dee139d605730cadf8d50882103af9ac83bb4"},
    {file = "bitarray-3.0.0-cp310-cp310-manylinux_2_17_ppc64le.manylinux2014_ppc64le.whl", hash = "sha256:e56ba8be5f17dee0ffa6d6ce85251e062ded2faa3cbd2558659c671e6c3bf96d"},
    {file = "bitarray-3.0.0-cp310-cp310-manylinux_2_17_s390x.manylinux2014_s390x.whl", hash = "sha256:ffd94b4803811c738e504a4b499fb2f848b2f7412d71e6b517508217c1d7929d"},
    {file = "bitarray-3.0.0-cp310-cp310-manylinux_2_17_x86_64.manylinux2014_x86_64.whl", hash = "sha256:a0255bd05ec7165e512c115423a5255a3f301417973d20a80fc5bfc3f3640bcb"},
    {file = "bitarray-3.0.0-cp310-cp310-manylinux_2_5_i686.manylinux1_i686.manylinux_2_17_i686.manylinux2014_i686.whl", hash = "sha256:fe606e728842389943a939258809dc5db2de831b1d2e0118515059e87f7bbc1a"},
    {file = "bitarray-3.0.0-cp310-cp310-musllinux_1_2_aarch64.whl", hash = "sha256:e89ea59a3ed86a6eb150d016ed28b1bedf892802d0ed32b5659d3199440f3ced"},
    {file = "bitarray-3.0.0-cp310-cp310-musllinux_1_2_i686.whl", hash = "sha256:cf0cc2e91dd38122dec2e6541efa99aafb0a62e118179218181eff720b4b8153"},
    {file = "bitarray-3.0.0-cp310-cp310-musllinux_1_2_ppc64le.whl", hash = "sha256:2d9fe3ee51afeb909b68f97e14c6539ace3f4faa99b21012e610bbe7315c388d"},
    {file = "bitarray-3.0.0-cp310-cp310-musllinux_1_2_s390x.whl", hash = "sha256:37be5482b9df3105bad00fdf7dc65244e449b130867c3879c9db1db7d72e508b"},
    {file = "bitarray-3.0.0-cp310-cp310-musllinux_1_2_x86_64.whl", hash = "sha256:0027b8f3bb2bba914c79115e96a59b9924aafa1a578223a7c4f0a7242d349842"},
    {file = "bitarray-3.0.0-cp310-cp310-win32.whl", hash = "sha256:628f93e9c2c23930bd1cfe21c634d6c84ec30f45f23e69aefe1fcd262186d7bb"},
    {file = "bitarray-3.0.0-cp310-cp310-win_amd64.whl", hash = "sha256:0b655c3110e315219e266b2732609fddb0857bc69593de29f3c2ba74b7d3f51a"},
    {file = "bitarray-3.0.0-cp311-cp311-macosx_10_9_universal2.whl", hash = "sha256:44c3e78b60070389b824d5a654afa1c893df723153c81904088d4922c3cfb6ac"},
    {file = "bitarray-3.0.0-cp311-cp311-macosx_10_9_x86_64.whl", hash = "sha256:545d36332de81e4742a845a80df89530ff193213a50b4cbef937ed5a44c0e5e5"},
    {file = "bitarray-3.0.0-cp311-cp311-macosx_11_0_arm64.whl", hash = "sha256:8a9eb510cde3fa78c2e302bece510bf5ed494ec40e6b082dec753d6e22d5d1b1"},
    {file = "bitarray-3.0.0-cp311-cp311-manylinux_2_17_aarch64.manylinux2014_aarch64.whl", hash = "sha256:9e3727ab63dfb6bde00b281934e2212bb7529ea3006c0031a556a84d2268bea5"},
    {file = "bitarray-3.0.0-cp311-cp311-manylinux_2_17_ppc64le.manylinux2014_ppc64le.whl", hash = "sha256:2055206ed653bee0b56628f6a4d248d53e5660228d355bbec0014bdfa27050ae"},
    {file = "bitarray-3.0.0-cp311-cp311-manylinux_2_17_s390x.manylinux2014_s390x.whl", hash = "sha256:147542299f458bdb177f798726e5f7d39ab8491de4182c3c6d9885ed275a3c2b"},
    {file = "bitarray-3.0.0-cp311-cp311-manylinux_2_17_x86_64.manylinux2014_x86_64.whl", hash = "sha256:d3f761184b93092077c7f6b7dad7bd4e671c1620404a76620da7872ceb576a94"},
    {file = "bitarray-3.0.0-cp311-cp311-manylinux_2_5_i686.manylinux1_i686.manylinux_2_17_i686.manylinux2014_i686.whl", hash = "sha256:e008b7b4ce6c7f7a54b250c45c28d4243cc2a3bbfd5298fa7dac92afda229842"},
    {file = "bitarray-3.0.0-cp311-cp311-musllinux_1_2_aarch64.whl", hash = "sha256:dfea514e665af278b2e1d4deb542de1cd4f77413bee83dd15ae16175976ea8d5"},
    {file = "bitarray-3.0.0-cp311-cp311-musllinux_1_2_i686.whl", hash = "sha256:66d6134b7bb737b88f1d16478ad0927c571387f6054f4afa5557825a4c1b78e2"},
    {file = "bitarray-3.0.0-cp311-cp311-musllinux_1_2_ppc64le.whl", hash = "sha256:3cd565253889940b4ec4768d24f101d9fe111cad4606fdb203ea16f9797cf9ed"},
    {file = "bitarray-3.0.0-cp311-cp311-musllinux_1_2_s390x.whl", hash = "sha256:4800c91a14656789d2e67d9513359e23e8a534c8ee1482bb9b517a4cfc845200"},
    {file = "bitarray-3.0.0-cp311-cp311-musllinux_1_2_x86_64.whl", hash = "sha256:c2945e0390d1329c585c584c6b6d78be017d9c6a1288f9c92006fe907f69cc28"},
    {file = "bitarray-3.0.0-cp311-cp311-win32.whl", hash = "sha256:c23286abba0cb509733c6ce8f4013cd951672c332b2e184dbefbd7331cd234c8"},
    {file = "bitarray-3.0.0-cp311-cp311-win_amd64.whl", hash = "sha256:ca79f02a98cbda1472449d440592a2fe2ad96fe55515a0447fa8864a38017cf8"},
    {file = "bitarray-3.0.0-cp312-cp312-macosx_10_13_universal2.whl", hash = "sha256:184972c96e1c7e691be60c3792ca1a51dd22b7f25d96ebea502fe3c9b554f25d"},
    {file = "bitarray-3.0.0-cp312-cp312-macosx_10_13_x86_64.whl", hash = "sha256:787db8da5e9e29be712f7a6bce153c7bc8697ccc2c38633e347bb9c82475d5c9"},
    {file = "bitarray-3.0.0-cp312-cp312-macosx_11_0_arm64.whl", hash = "sha256:2da91ab3633c66999c2a352f0ca9ae064f553e5fc0eca231d28e7e305b83e942"},
    {file = "bitarray-3.0.0-cp312-cp312-manylinux_2_17_aarch64.manylinux2014_aarch64.whl", hash = "sha256:7edb83089acbf2c86c8002b96599071931dc4ea5e1513e08306f6f7df879a48b"},
    {file = "bitarray-3.0.0-cp312-cp312-manylinux_2_17_ppc64le.manylinux2014_ppc64le.whl", hash = "sha256:996d1b83eb904589f40974538223eaed1ab0f62be8a5105c280b9bd849e685c4"},
    {file = "bitarray-3.0.0-cp312-cp312-manylinux_2_17_s390x.manylinux2014_s390x.whl", hash = "sha256:4817d73d995bd2b977d9cde6050be8d407791cf1f84c8047fa0bea88c1b815bc"},
    {file = "bitarray-3.0.0-cp312-cp312-manylinux_2_17_x86_64.manylinux2014_x86_64.whl", hash = "sha256:3d47bc4ff9b0e1624d613563c6fa7b80aebe7863c56c3df5ab238bb7134e8755"},
    {file = "bitarray-3.0.0-cp312-cp312-manylinux_2_5_i686.manylinux1_i686.manylinux_2_17_i686.manylinux2014_i686.whl", hash = "sha256:aca0a9cd376beaccd9f504961de83e776dd209c2de5a4c78dc87a78edf61839b"},
    {file = "bitarray-3.0.0-cp312-cp312-musllinux_1_2_aarch64.whl", hash = "sha256:572a61fba7e3a710a8324771322fba8488d134034d349dcd036a7aef74723a80"},
    {file = "bitarray-3.0.0-cp312-cp312-musllinux_1_2_i686.whl", hash = "sha256:a817ad70c1aff217530576b4f037dd9b539eb2926603354fcac605d824082ad1"},
    {file = "bitarray-3.0.0-cp312-cp312-musllinux_1_2_ppc64le.whl", hash = "sha256:2ac67b658fa5426503e9581a3fb44a26a3b346c1abd17105735f07db572195b3"},
    {file = "bitarray-3.0.0-cp312-cp312-musllinux_1_2_s390x.whl", hash = "sha256:12f19ede03e685c5c588ab5ed63167999295ffab5e1126c5fe97d12c0718c18f"},
    {file = "bitarray-3.0.0-cp312-cp312-musllinux_1_2_x86_64.whl", hash = "sha256:fcef31b062f756ba7eebcd7890c5d5de84b9d64ee877325257bcc9782288564a"},
    {file = "bitarray-3.0.0-cp312-cp312-win32.whl", hash = "sha256:656db7bdf1d81ec3b57b3cad7ec7276765964bcfd0eb81c5d1331f385298169c"},
    {file = "bitarray-3.0.0-cp312-cp312-win_amd64.whl", hash = "sha256:f785af6b7cb07a9b1e5db0dea9ef9e3e8bb3d74874a0a61303eab9c16acc1999"},
    {file = "bitarray-3.0.0-cp313-cp313-macosx_10_13_universal2.whl", hash = "sha256:7cb885c043000924554fe2124d13084c8fdae03aec52c4086915cd4cb87fe8be"},
    {file = "bitarray-3.0.0-cp313-cp313-macosx_10_13_x86_64.whl", hash = "sha256:7814c9924a0b30ecd401f02f082d8697fc5a5be3f8d407efa6e34531ff3c306a"},
    {file = "bitarray-3.0.0-cp313-cp313-macosx_11_0_arm64.whl", hash = "sha256:bcf524a087b143ba736aebbb054bb399d49e77cf7c04ed24c728e411adc82bfa"},
    {file = "bitarray-3.0.0-cp313-cp313-manylinux_2_17_aarch64.manylinux2014_aarch64.whl", hash = "sha256:d1d5abf1d6d910599ac16afdd9a0ed3e24f3b46af57f3070cf2792f236f36e0b"},
    {file = "bitarray-3.0.0-cp313-cp313-manylinux_2_17_ppc64le.manylinux2014_ppc64le.whl", hash = "sha256:9929051feeaf8d948cc0b1c9ce57748079a941a1a15c89f6014edf18adaade84"},
    {file = "bitarray-3.0.0-cp313-cp313-manylinux_2_17_s390x.manylinux2014_s390x.whl", hash = "sha256:96cf0898f8060b2d3ae491762ae871b071212ded97ff9e1e3a5229e9fefe544c"},
    {file = "bitarray-3.0.0-cp313-cp313-manylinux_2_17_x86_64.manylinux2014_x86_64.whl", hash = "sha256:ab37da66a8736ad5a75a58034180e92c41e864da0152b84e71fcc253a2f69cd4"},
    {file = "bitarray-3.0.0-cp313-cp313-manylinux_2_5_i686.manylinux1_i686.manylinux_2_17_i686.manylinux2014_i686.whl", hash = "sha256:beeb79e476d19b91fd6a3439853e4e5ba1b3b475920fa40d62bde719c8af786f"},
    {file = "bitarray-3.0.0-cp313-cp313-musllinux_1_2_aarch64.whl", hash = "sha256:f75fc0198c955d840b836059bd43e0993edbf119923029ca60c4fc017cefa54a"},
    {file = "bitarray-3.0.0-cp313-cp313-musllinux_1_2_i686.whl", hash = "sha256:f12cc7c7638074918cdcc7491aff897df921b092ffd877227892d2686e98f876"},
    {file = "bitarray-3.0.0-cp313-cp313-musllinux_1_2_ppc64le.whl", hash = "sha256:dbe1084935b942fab206e609fa1ed3f46ad1f2612fb4833e177e9b2a5e006c96"},
    {file = "bitarray-3.0.0-cp313-cp313-musllinux_1_2_s390x.whl", hash = "sha256:ac06dd72ee1e1b6e312504d06f75220b5894af1fb58f0c20643698f5122aea76"},
    {file = "bitarray-3.0.0-cp313-cp313-musllinux_1_2_x86_64.whl", hash = "sha256:00f9a88c56e373009ac3c73c55205cfbd9683fbd247e2f9a64bae3da78795252"},
    {file = "bitarray-3.0.0-cp313-cp313-win32.whl", hash = "sha256:9c6e52005e91803eb4e08c0a08a481fb55ddce97f926bae1f6fa61b3396b5b61"},
    {file = "bitarray-3.0.0-cp313-cp313-win_amd64.whl", hash = "sha256:cb98d5b6eac4b2cf2a5a69f60a9c499844b8bea207059e9fc45c752436e6bb49"},
    {file = "bitarray-3.0.0-cp36-cp36m-macosx_10_9_x86_64.whl", hash = "sha256:eb27c01b747649afd7e1c342961680893df6d8d81f832a6f04d8c8e03a8a54cc"},
    {file = "bitarray-3.0.0-cp36-cp36m-manylinux_2_17_aarch64.manylinux2014_aarch64.whl", hash = "sha256:4683bff52f5a0fd523fb5d3138161ef87611e63968e1fcb6cf4b0c6a86970fe0"},
    {file = "bitarray-3.0.0-cp36-cp36m-manylinux_2_17_ppc64le.manylinux2014_ppc64le.whl", hash = "sha256:cb7302dbcfcb676f0b66f15891f091d0233c4fc23e1d4b9dc9b9e958156e347f"},
    {file = "bitarray-3.0.0-cp36-cp36m-manylinux_2_17_s390x.manylinux2014_s390x.whl", hash = "sha256:153d7c416a70951dcfa73487af05d2f49c632e95602f1620cd9a651fa2033695"},
    {file = "bitarray-3.0.0-cp36-cp36m-manylinux_2_17_x86_64.manylinux2014_x86_64.whl", hash = "sha256:251cd5bd47f542893b2b61860eded54f34920ea47fd5bff038d85e7a2f7ae99b"},
    {file = "bitarray-3.0.0-cp36-cp36m-manylinux_2_5_i686.manylinux1_i686.manylinux_2_17_i686.manylinux2014_i686.whl", hash = "sha256:5fa4b4d9fa90124b33b251ef74e44e737021f253dc7a9174e1b39f097451f7ca"},
    {file = "bitarray-3.0.0-cp36-cp36m-musllinux_1_2_aarch64.whl", hash = "sha256:18abdce7ab5d2104437c39670821cba0b32fdb9b2da9e6d17a4ff295362bd9dc"},
    {file = "bitarray-3.0.0-cp36-cp36m-musllinux_1_2_i686.whl", hash = "sha256:2855cc01ee370f7e6e3ec97eebe44b1453c83fb35080313145e2c8c3c5243afb"},
    {file = "bitarray-3.0.0-cp36-cp36m-musllinux_1_2_ppc64le.whl", hash = "sha256:0cecaf2981c9cd2054547f651537b4f4939f9fe225d3fc2b77324b597c124e40"},
    {file = "bitarray-3.0.0-cp36-cp36m-musllinux_1_2_s390x.whl", hash = "sha256:22b00f65193fafb13aa644e16012c8b49e7d5cbb6bb72825105ff89aadaa01e3"},
    {file = "bitarray-3.0.0-cp36-cp36m-musllinux_1_2_x86_64.whl", hash = "sha256:20f30373f0af9cb583e4122348cefde93c82865dbcbccc4997108b3d575ece84"},
    {file = "bitarray-3.0.0-cp36-cp36m-win32.whl", hash = "sha256:aef404d5400d95c6ec86664df9924bde667c8865f8e33c9b7bd79823d53b3e5d"},
    {file = "bitarray-3.0.0-cp36-cp36m-win_amd64.whl", hash = "sha256:ec5b0f2d13da53e0975ac15ecbe8badb463bdb0bebaa09457f4df3320421915c"},
    {file = "bitarray-3.0.0-cp37-cp37m-macosx_10_9_x86_64.whl", hash = "sha256:041c889e69c847b8a96346650e50f728b747ae176889199c49a3f31ae1de0e23"},
    {file = "bitarray-3.0.0-cp37-cp37m-manylinux_2_17_aarch64.manylinux2014_aarch64.whl", hash = "sha256:cc83ea003dd75e9ade3291ef0585577dd5524aec0c8c99305c0aaa2a7570d6db"},
    {file = "bitarray-3.0.0-cp37-cp37m-manylinux_2_17_ppc64le.manylinux2014_ppc64le.whl", hash = "sha256:6c33129b49196aa7965ac0f16fcde7b6ad8614b606caf01669a0277cef1afe1d"},
    {file = "bitarray-3.0.0-cp37-cp37m-manylinux_2_17_s390x.manylinux2014_s390x.whl", hash = "sha256:0ef5c787c8263c082a73219a69eb60a500e157a4ac69d1b8515ad836b0e71fb4"},
    {file = "bitarray-3.0.0-cp37-cp37m-manylinux_2_17_x86_64.manylinux2014_x86_64.whl", hash = "sha256:e15c94d79810c5ab90ddf4d943f71f14332890417be896ca253f21fa3d78d2b1"},
    {file = "bitarray-3.0.0-cp37-cp37m-manylinux_2_5_i686.manylinux1_i686.manylinux_2_17_i686.manylinux2014_i686.whl", hash = "sha256:7cd021ada988e73d649289cee00428b75564c46d55fbdcb0e3402e504b0ae5ea"},
    {file = "bitarray-3.0.0-cp37-cp37m-musllinux_1_2_aarch64.whl", hash = "sha256:7f1c24be7519f16a47b7e2ad1a1ef73023d34d8cbe1a3a59b185fc14baabb132"},
    {file = "bitarray-3.0.0-cp37-cp37m-musllinux_1_2_i686.whl", hash = "sha256:000df24c183011b5d27c23d79970f49b6762e5bb5aacd25da9c3e9695c693222"},
    {file = "bitarray-3.0.0-cp37-cp37m-musllinux_1_2_ppc64le.whl", hash = "sha256:42bf1b222c698b467097f58b9f59dc850dfa694dde4e08237407a6a103757aa3"},
    {file = "bitarray-3.0.0-cp37-cp37m-musllinux_1_2_s390x.whl", hash = "sha256:648e7ce794928e8d11343b5da8ecc5b910af75a82ea1a4264d5d0a55c3785faa"},
    {file = "bitarray-3.0.0-cp37-cp37m-musllinux_1_2_x86_64.whl", hash = "sha256:f536fc4d1a683025f9caef0bebeafd60384054579ffe0825bb9bd8c59f8c55b8"},
    {file = "bitarray-3.0.0-cp37-cp37m-win32.whl", hash = "sha256:a754c1464e7b946b1cac7300c582c6fba7d66e535cd1dab76d998ad285ac5a37"},
    {file = "bitarray-3.0.0-cp37-cp37m-win_amd64.whl", hash = "sha256:e91d46d12781a14ccb8b284566b14933de4e3b29f8bc5e1c17de7a2001ad3b5b"},
    {file = "bitarray-3.0.0-cp38-cp38-macosx_10_9_universal2.whl", hash = "sha256:904c1d5e3bd24f0c0d37a582d2461312033c91436a6a4f3bdeeceb4bea4a899d"},
    {file = "bitarray-3.0.0-cp38-cp38-macosx_10_9_x86_64.whl", hash = "sha256:47ccf9887bd595d4a0536f2310f0dcf89e17ab83b8befa7dc8727b8017120fda"},
    {file = "bitarray-3.0.0-cp38-cp38-macosx_11_0_arm64.whl", hash = "sha256:71ad0139c95c9acf4fb62e203b428f9906157b15eecf3f30dc10b55919225896"},
    {file = "bitarray-3.0.0-cp38-cp38-manylinux_2_17_aarch64.manylinux2014_aarch64.whl", hash = "sha256:53e002ac1073ac70e323a7a4bfa9ab95e7e1a85c79160799e265563f342b1557"},
    {file = "bitarray-3.0.0-cp38-cp38-manylinux_2_17_ppc64le.manylinux2014_ppc64le.whl", hash = "sha256:acc07211a59e2f245e9a06f28fa374d094fb0e71cf5366eef52abbb826ddc81e"},
    {file = "bitarray-3.0.0-cp38-cp38-manylinux_2_17_s390x.manylinux2014_s390x.whl", hash = "sha256:98a4070ddafabddaee70b2aa7cc6286cf73c37984169ab03af1782da2351059a"},
    {file = "bitarray-3.0.0-cp38-cp38-manylinux_2_17_x86_64.manylinux2014_x86_64.whl", hash = "sha256:b7d09ef06ba57bea646144c29764bf6b870fb3c5558ca098191e07b6a1d40bf7"},
    {file = "bitarray-3.0.0-cp38-cp38-manylinux_2_5_i686.manylinux1_i686.manylinux_2_17_i686.manylinux2014_i686.whl", hash = "sha256:ce249ed981f428a8b61538ca82d3875847733d579dd40084ab8246549160f8a4"},
    {file = "bitarray-3.0.0-cp38-cp38-musllinux_1_2_aarch64.whl", hash = "sha256:ea40e98d751ed4b255db4a88fe8fb743374183f78470b9e9305aab186bf28ede"},
    {file = "bitarray-3.0.0-cp38-cp38-musllinux_1_2_i686.whl", hash = "sha256:928b8b6dfcd015e1a81334cfdac02815da2a2407854492a80cf8a3a922b04052"},
    {file = "bitarray-3.0.0-cp38-cp38-musllinux_1_2_ppc64le.whl", hash = "sha256:fbb645477595ce2a0fbb678d1cfd08d3b896e5d56196d40fb9e114eeab9382b3"},
    {file = "bitarray-3.0.0-cp38-cp38-musllinux_1_2_s390x.whl", hash = "sha256:dc1937a0ff2671797d35243db4b596329842480d125a65e9fe964bcffaf16dfc"},
    {file = "bitarray-3.0.0-cp38-cp38-musllinux_1_2_x86_64.whl", hash = "sha256:a4f49ac31734fe654a68e2515c0da7f5bbdf2d52755ba09a42ac406f1f08c9d0"},
    {file = "bitarray-3.0.0-cp38-cp38-win32.whl", hash = "sha256:6d2a2ce73f9897268f58857ad6893a1a6680c5a6b28f79d21c7d33285a5ae646"},
    {file = "bitarray-3.0.0-cp38-cp38-win_amd64.whl", hash = "sha256:b1047999f1797c3ea7b7c85261649249c243308dcf3632840d076d18fa72f142"},
    {file = "bitarray-3.0.0-cp39-cp39-macosx_10_9_universal2.whl", hash = "sha256:39b38a3d45dac39d528c87b700b81dfd5e8dc8e9e1a102503336310ef837c3fd"},
    {file = "bitarray-3.0.0-cp39-cp39-macosx_10_9_x86_64.whl", hash = "sha256:0e104f9399144fab6a892d379ba1bb4275e56272eb465059beef52a77b4e5ce6"},
    {file = "bitarray-3.0.0-cp39-cp39-macosx_11_0_arm64.whl", hash = "sha256:0879f839ec8f079fa60c3255966c2e1aa7196699a234d4e5b7898fbc321901b5"},
    {file = "bitarray-3.0.0-cp39-cp39-manylinux_2_17_aarch64.manylinux2014_aarch64.whl", hash = "sha256:9502c2230d59a4ace2fddfd770dad8e8b414cbd99517e7e56c55c20997c28b8d"},
    {file = "bitarray-3.0.0-cp39-cp39-manylinux_2_17_ppc64le.manylinux2014_ppc64le.whl", hash = "sha256:57d5ef854f8ec434f2ffd9ddcefc25a10848393fe2976e2be2c8c773cf5fef42"},
    {file = "bitarray-3.0.0-cp39-cp39-manylinux_2_17_s390x.manylinux2014_s390x.whl", hash = "sha256:a3c36b2fcfebe15ad1c10a90c1d52a42bebe960adcbce340fef867203028fbe7"},
    {file = "bitarray-3.0.0-cp39-cp39-manylinux_2_17_x86_64.manylinux2014_x86_64.whl", hash = "sha256:66a33a537e781eac3a352397ce6b07eedf3a8380ef4a804f8844f3f45e335544"},
    {file = "bitarray-3.0.0-cp39-cp39-manylinux_2_5_i686.manylinux1_i686.manylinux_2_17_i686.manylinux2014_i686.whl", hash = "sha256:aa54c7e1da8cf4be0aab941ea284ec64033ede5d6de3fd47d75e77cafe986e9d"},
    {file = "bitarray-3.0.0-cp39-cp39-musllinux_1_2_aarch64.whl", hash = "sha256:a667ea05ba1ea81b722682276dbef1d36990f8908cf51e570099fd505a89f931"},
    {file = "bitarray-3.0.0-cp39-cp39-musllinux_1_2_i686.whl", hash = "sha256:d756bfeb62ca4fe65d2af7a39249d442c05070c047d03729ad6cd4c2e9b0f0bd"},
    {file = "bitarray-3.0.0-cp39-cp39-musllinux_1_2_ppc64le.whl", hash = "sha256:c9e9fef0754867d88e948ce8351c9fd7e507d8514e0f242fd67c907b9cdf98b3"},
    {file = "bitarray-3.0.0-cp39-cp39-musllinux_1_2_s390x.whl", hash = "sha256:67a0b56dd02f2713f6f52cacb3f251afd67c94c5f0748026d307d87a81a8e15c"},
    {file = "bitarray-3.0.0-cp39-cp39-musllinux_1_2_x86_64.whl", hash = "sha256:d8c36ddc1923bcc4c11b9994c54eaae25034812a42400b7b8a86fe6d242166a2"},
    {file = "bitarray-3.0.0-cp39-cp39-win32.whl", hash = "sha256:1414a7102a3c4986f241480544f5c99f5d32258fb9b85c9c04e84e48c490ab35"},
    {file = "bitarray-3.0.0-cp39-cp39-win_amd64.whl", hash = "sha256:8c9733d2ff9b7838ac04bf1048baea153174753e6a47312be14c83c6a395424b"},
    {file = "bitarray-3.0.0-pp310-pypy310_pp73-macosx_10_15_x86_64.whl", hash = "sha256:fef4e3b3f2084b4dae3e5316b44cda72587dcc81f68b4eb2dbda1b8d15261b61"},
    {file = "bitarray-3.0.0-pp310-pypy310_pp73-manylinux_2_17_aarch64.manylinux2014_aarch64.whl", hash = "sha256:7e9eee03f187cef1e54a4545124109ee0afc84398628b4b32ebb4852b4a66393"},
    {file = "bitarray-3.0.0-pp310-pypy310_pp73-manylinux_2_17_x86_64.manylinux2014_x86_64.whl", hash = "sha256:4cb5702dd667f4bb10fed056ffdc4ddaae8193a52cd74cb2cdb54e71f4ef2dd1"},
    {file = "bitarray-3.0.0-pp310-pypy310_pp73-manylinux_2_5_i686.manylinux1_i686.manylinux_2_17_i686.manylinux2014_i686.whl", hash = "sha256:666e44b0458bb2894b64264a29f2cc7b5b2cbcc4c5e9cedfe1fdbde37a8e329a"},
    {file = "bitarray-3.0.0-pp310-pypy310_pp73-win_amd64.whl", hash = "sha256:c756a92cf1c1abf01e56a4cc40cb89f0ff9147f2a0be5b557ec436a23ff464d8"},
    {file = "bitarray-3.0.0-pp37-pypy37_pp73-macosx_10_9_x86_64.whl", hash = "sha256:7e51e7f8289bf6bb631e1ef2a8f5e9ca287985ff518fe666abbdfdb6a848cb26"},
    {file = "bitarray-3.0.0-pp37-pypy37_pp73-manylinux_2_17_aarch64.manylinux2014_aarch64.whl", hash = "sha256:3fa5d8e4b28388b337face6ce4029be73585651a44866901513df44be9a491ab"},
    {file = "bitarray-3.0.0-pp37-pypy37_pp73-manylinux_2_17_x86_64.manylinux2014_x86_64.whl", hash = "sha256:3963b80a68aedcd722a9978d261ae53cb9bb6a8129cc29790f0f10ce5aca287a"},
    {file = "bitarray-3.0.0-pp37-pypy37_pp73-manylinux_2_5_i686.manylinux1_i686.manylinux_2_17_i686.manylinux2014_i686.whl", hash = "sha256:0b555006a7dea53f6bebc616a4d0249cecbf8f1fadf77860120a2e5dbdc2f167"},
    {file = "bitarray-3.0.0-pp37-pypy37_pp73-win_amd64.whl", hash = "sha256:4ac2027ca650a7302864ed2528220d6cc6921501b383e9917afc7a2424a1e36d"},
    {file = "bitarray-3.0.0-pp38-pypy38_pp73-macosx_10_9_x86_64.whl", hash = "sha256:bf90aba4cff9e72e24ecdefe33bad608f147a23fa5c97790a5bab0e72fe62b6d"},
    {file = "bitarray-3.0.0-pp38-pypy38_pp73-manylinux_2_17_aarch64.manylinux2014_aarch64.whl", hash = "sha256:d1a199e6d7c3bad5ba9d0e4dc00dde70ee7d111c9dfc521247fa646ef59fa57e"},
    {file = "bitarray-3.0.0-pp38-pypy38_pp73-manylinux_2_17_x86_64.manylinux2014_x86_64.whl", hash = "sha256:43b6c7c4f4a7b80e86e24a76f4c6b9b67d03229ea16d7d403520616535c32196"},
    {file = "bitarray-3.0.0-pp38-pypy38_pp73-manylinux_2_5_i686.manylinux1_i686.manylinux_2_17_i686.manylinux2014_i686.whl", hash = "sha256:34fc13da3518f14825b239374734fce93c1a9299ed7b558c3ec1d659ec7e4c70"},
    {file = "bitarray-3.0.0-pp38-pypy38_pp73-win_amd64.whl", hash = "sha256:369b6d457af94af901d632c7e625ca6caf0a7484110fc91c6290ce26bc4f1478"},
    {file = "bitarray-3.0.0-pp39-pypy39_pp73-macosx_10_15_x86_64.whl", hash = "sha256:ee040ad3b7dfa05e459713099f16373c1f2a6f68b43cb0575a66718e7a5daef4"},
    {file = "bitarray-3.0.0-pp39-pypy39_pp73-manylinux_2_17_aarch64.manylinux2014_aarch64.whl", hash = "sha256:2dad7ba2af80f9ec1dd988c3aca7992408ec0d0b4c215b65d353d95ab0070b10"},
    {file = "bitarray-3.0.0-pp39-pypy39_pp73-manylinux_2_17_x86_64.manylinux2014_x86_64.whl", hash = "sha256:4839d3b64af51e4b8bb4a602563b98b9faeb34fd6c00ed23d7834e40a9d080fc"},
    {file = "bitarray-3.0.0-pp39-pypy39_pp73-manylinux_2_5_i686.manylinux1_i686.manylinux_2_17_i686.manylinux2014_i686.whl", hash = "sha256:f71f24b58e75a889b9915e3197865302467f13e7390efdea5b6afc7424b3a2ea"},
    {file = "bitarray-3.0.0-pp39-pypy39_pp73-win_amd64.whl", hash = "sha256:bcf0150ae0bcc4aa97bdfcb231b37bad1a59083c1b5012643b266012bf420e68"},
    {file = "bitarray-3.0.0.tar.gz", hash = "sha256:a2083dc20f0d828a7cdf7a16b20dae56aab0f43dc4f347a3b3039f6577992b03"},
]

[[package]]
name = "colorama"
version = "0.4.6"
description = "Cross-platform colored terminal text."
optional = false
python-versions = "!=3.0.*,!=3.1.*,!=3.2.*,!=3.3.*,!=3.4.*,!=3.5.*,!=3.6.*,>=2.7"
groups = ["main"]
markers = "platform_system == \"Windows\""
files = [
    {file = "colorama-0.4.6-py2.py3-none-any.whl", hash = "sha256:4f1d9991f5acc0ca119f9d443620b77f9d6b33703e51011c16baf57afb285fc6"},
    {file = "colorama-0.4.6.tar.gz", hash = "sha256:08695f5cb7ed6e0531a20572697297273c47b8cae5a63ffc6d6ed5c201be6e44"},
]

[[package]]
name = "more-itertools"
version = "9.0.0"
description = "More routines for operating on iterables, beyond itertools"
optional = false
python-versions = ">=3.7"
groups = ["main"]
files = [
    {file = "more-itertools-9.0.0.tar.gz", hash = "sha256:5a6257e40878ef0520b1803990e3e22303a41b5714006c32a3fd8304b26ea1ab"},
    {file = "more_itertools-9.0.0-py3-none-any.whl", hash = "sha256:250e83d7e81d0c87ca6bd942e6aeab8cc9daa6096d12c5308f3f92fa5e5c1f41"},
]

[[package]]
name = "mpmath"
version = "1.3.0"
description = "Python library for arbitrary-precision floating-point arithmetic"
optional = false
python-versions = "*"
groups = ["main"]
files = [
    {file = "mpmath-1.3.0-py3-none-any.whl", hash = "sha256:a0b2b9fe80bbcd81a6647ff13108738cfb482d481d826cc0e02f5b35e5c88d2c"},
    {file = "mpmath-1.3.0.tar.gz", hash = "sha256:7a28eb2a9774d00c7bc92411c19a89209d5da7c4c9a9e227be8330a23a25b91f"},
]

[package.extras]
develop = ["codecov", "pycodestyle", "pytest (>=4.6)", "pytest-cov", "wheel"]
docs = ["sphinx"]
gmpy = ["gmpy2 (>=2.1.0a4)"]
tests = ["pytest (>=4.6)"]

[[package]]
name = "numpy"
version = "2.2.2"
description = "Fundamental package for array computing in Python"
optional = false
python-versions = ">=3.10"
groups = ["main"]
files = [
    {file = "numpy-2.2.2-cp310-cp310-macosx_10_9_x86_64.whl", hash = "sha256:7079129b64cb78bdc8d611d1fd7e8002c0a2565da6a47c4df8062349fee90e3e"},
    {file = "numpy-2.2.2-cp310-cp310-macosx_11_0_arm64.whl", hash = "sha256:2ec6c689c61df613b783aeb21f945c4cbe6c51c28cb70aae8430577ab39f163e"},
    {file = "numpy-2.2.2-cp310-cp310-macosx_14_0_arm64.whl", hash = "sha256:40c7ff5da22cd391944a28c6a9c638a5eef77fcf71d6e3a79e1d9d9e82752715"},
    {file = "numpy-2.2.2-cp310-cp310-macosx_14_0_x86_64.whl", hash = "sha256:995f9e8181723852ca458e22de5d9b7d3ba4da3f11cc1cb113f093b271d7965a"},
    {file = "numpy-2.2.2-cp310-cp310-manylinux_2_17_aarch64.manylinux2014_aarch64.whl", hash = "sha256:b78ea78450fd96a498f50ee096f69c75379af5138f7881a51355ab0e11286c97"},
    {file = "numpy-2.2.2-cp310-cp310-manylinux_2_17_x86_64.manylinux2014_x86_64.whl", hash = "sha256:3fbe72d347fbc59f94124125e73fc4976a06927ebc503ec5afbfb35f193cd957"},
    {file = "numpy-2.2.2-cp310-cp310-musllinux_1_2_aarch64.whl", hash = "sha256:8e6da5cffbbe571f93588f562ed130ea63ee206d12851b60819512dd3e1ba50d"},
    {file = "numpy-2.2.2-cp310-cp310-musllinux_1_2_x86_64.whl", hash = "sha256:09d6a2032faf25e8d0cadde7fd6145118ac55d2740132c1d845f98721b5ebcfd"},
    {file = "numpy-2.2.2-cp310-cp310-win32.whl", hash = "sha256:159ff6ee4c4a36a23fe01b7c3d07bd8c14cc433d9720f977fcd52c13c0098160"},
    {file = "numpy-2.2.2-cp310-cp310-win_amd64.whl", hash = "sha256:64bd6e1762cd7f0986a740fee4dff927b9ec2c5e4d9a28d056eb17d332158014"},
    {file = "numpy-2.2.2-cp311-cp311-macosx_10_9_x86_64.whl", hash = "sha256:642199e98af1bd2b6aeb8ecf726972d238c9877b0f6e8221ee5ab945ec8a2189"},
    {file = "numpy-2.2.2-cp311-cp311-macosx_11_0_arm64.whl", hash = "sha256:6d9fc9d812c81e6168b6d405bf00b8d6739a7f72ef22a9214c4241e0dc70b323"},
    {file = "numpy-2.2.2-cp311-cp311-macosx_14_0_arm64.whl", hash = "sha256:c7d1fd447e33ee20c1f33f2c8e6634211124a9aabde3c617687d8b739aa69eac"},
    {file = "numpy-2.2.2-cp311-cp311-macosx_14_0_x86_64.whl", hash = "sha256:451e854cfae0febe723077bd0cf0a4302a5d84ff25f0bfece8f29206c7bed02e"},
    {file = "numpy-2.2.2-cp311-cp311-manylinux_2_17_aarch64.manylinux2014_aarch64.whl", hash = "sha256:bd249bc894af67cbd8bad2c22e7cbcd46cf87ddfca1f1289d1e7e54868cc785c"},
    {file = "numpy-2.2.2-cp311-cp311-manylinux_2_17_x86_64.manylinux2014_x86_64.whl", hash = "sha256:02935e2c3c0c6cbe9c7955a8efa8908dd4221d7755644c59d1bba28b94fd334f"},
    {file = "numpy-2.2.2-cp311-cp311-musllinux_1_2_aarch64.whl", hash = "sha256:a972cec723e0563aa0823ee2ab1df0cb196ed0778f173b381c871a03719d4826"},
    {file = "numpy-2.2.2-cp311-cp311-musllinux_1_2_x86_64.whl", hash = "sha256:d6d6a0910c3b4368d89dde073e630882cdb266755565155bc33520283b2d9df8"},
    {file = "numpy-2.2.2-cp311-cp311-win32.whl", hash = "sha256:860fd59990c37c3ef913c3ae390b3929d005243acca1a86facb0773e2d8d9e50"},
    {file = "numpy-2.2.2-cp311-cp311-win_amd64.whl", hash = "sha256:da1eeb460ecce8d5b8608826595c777728cdf28ce7b5a5a8c8ac8d949beadcf2"},
    {file = "numpy-2.2.2-cp312-cp312-macosx_10_13_x86_64.whl", hash = "sha256:ac9bea18d6d58a995fac1b2cb4488e17eceeac413af014b1dd26170b766d8467"},
    {file = "numpy-2.2.2-cp312-cp312-macosx_11_0_arm64.whl", hash = "sha256:23ae9f0c2d889b7b2d88a3791f6c09e2ef827c2446f1c4a3e3e76328ee4afd9a"},
    {file = "numpy-2.2.2-cp312-cp312-macosx_14_0_arm64.whl", hash = "sha256:3074634ea4d6df66be04f6728ee1d173cfded75d002c75fac79503a880bf3825"},
    {file = "numpy-2.2.2-cp312-cp312-macosx_14_0_x86_64.whl", hash = "sha256:8ec0636d3f7d68520afc6ac2dc4b8341ddb725039de042faf0e311599f54eb37"},
    {file = "numpy-2.2.2-cp312-cp312-manylinux_2_17_aarch64.manylinux2014_aarch64.whl", hash = "sha256:2ffbb1acd69fdf8e89dd60ef6182ca90a743620957afb7066385a7bbe88dc748"},
    {file = "numpy-2.2.2-cp312-cp312-manylinux_2_17_x86_64.manylinux2014_x86_64.whl", hash = "sha256:0349b025e15ea9d05c3d63f9657707a4e1d471128a3b1d876c095f328f8ff7f0"},
    {file = "numpy-2.2.2-cp312-cp312-musllinux_1_2_aarch64.whl", hash = "sha256:463247edcee4a5537841d5350bc87fe8e92d7dd0e8c71c995d2c6eecb8208278"},
    {file = "numpy-2.2.2-cp312-cp312-musllinux_1_2_x86_64.whl", hash = "sha256:9dd47ff0cb2a656ad69c38da850df3454da88ee9a6fde0ba79acceee0e79daba"},
    {file = "numpy-2.2.2-cp312-cp312-win32.whl", hash = "sha256:4525b88c11906d5ab1b0ec1f290996c0020dd318af8b49acaa46f198b1ffc283"},
    {file = "numpy-2.2.2-cp312-cp312-win_amd64.whl", hash = "sha256:5acea83b801e98541619af398cc0109ff48016955cc0818f478ee9ef1c5c3dcb"},
    {file = "numpy-2.2.2-cp313-cp313-macosx_10_13_x86_64.whl", hash = "sha256:b208cfd4f5fe34e1535c08983a1a6803fdbc7a1e86cf13dd0c61de0b51a0aadc"},
    {file = "numpy-2.2.2-cp313-cp313-macosx_11_0_arm64.whl", hash = "sha256:d0bbe7dd86dca64854f4b6ce2ea5c60b51e36dfd597300057cf473d3615f2369"},
    {file = "numpy-2.2.2-cp313-cp313-macosx_14_0_arm64.whl", hash = "sha256:22ea3bb552ade325530e72a0c557cdf2dea8914d3a5e1fecf58fa5dbcc6f43cd"},
    {file = "numpy-2.2.2-cp313-cp313-macosx_14_0_x86_64.whl", hash = "sha256:128c41c085cab8a85dc29e66ed88c05613dccf6bc28b3866cd16050a2f5448be"},
    {file = "numpy-2.2.2-cp313-cp313-manylinux_2_17_aarch64.manylinux2014_aarch64.whl", hash = "sha256:250c16b277e3b809ac20d1f590716597481061b514223c7badb7a0f9993c7f84"},
    {file = "numpy-2.2.2-cp313-cp313-manylinux_2_17_x86_64.manylinux2014_x86_64.whl", hash = "sha256:e0c8854b09bc4de7b041148d8550d3bd712b5c21ff6a8ed308085f190235d7ff"},
    {file = "numpy-2.2.2-cp313-cp313-musllinux_1_2_aarch64.whl", hash = "sha256:b6fb9c32a91ec32a689ec6410def76443e3c750e7cfc3fb2206b985ffb2b85f0"},
    {file = "numpy-2.2.2-cp313-cp313-musllinux_1_2_x86_64.whl", hash = "sha256:57b4012e04cc12b78590a334907e01b3a85efb2107df2b8733ff1ed05fce71de"},
    {file = "numpy-2.2.2-cp313-cp313-win32.whl", hash = "sha256:4dbd80e453bd34bd003b16bd802fac70ad76bd463f81f0c518d1245b1c55e3d9"},
    {file = "numpy-2.2.2-cp313-cp313-win_amd64.whl", hash = "sha256:5a8c863ceacae696aff37d1fd636121f1a512117652e5dfb86031c8d84836369"},
    {file = "numpy-2.2.2-cp313-cp313t-macosx_10_13_x86_64.whl", hash = "sha256:b3482cb7b3325faa5f6bc179649406058253d91ceda359c104dac0ad320e1391"},
    {file = "numpy-2.2.2-cp313-cp313t-macosx_11_0_arm64.whl", hash = "sha256:9491100aba630910489c1d0158034e1c9a6546f0b1340f716d522dc103788e39"},
    {file = "numpy-2.2.2-cp313-cp313t-macosx_14_0_arm64.whl", hash = "sha256:41184c416143defa34cc8eb9d070b0a5ba4f13a0fa96a709e20584638254b317"},
    {file = "numpy-2.2.2-cp313-cp313t-macosx_14_0_x86_64.whl", hash = "sha256:7dca87ca328f5ea7dafc907c5ec100d187911f94825f8700caac0b3f4c384b49"},
    {file = "numpy-2.2.2-cp313-cp313t-manylinux_2_17_aarch64.manylinux2014_aarch64.whl", hash = "sha256:0bc61b307655d1a7f9f4b043628b9f2b721e80839914ede634e3d485913e1fb2"},
    {file = "numpy-2.2.2-cp313-cp313t-manylinux_2_17_x86_64.manylinux2014_x86_64.whl", hash = "sha256:9fad446ad0bc886855ddf5909cbf8cb5d0faa637aaa6277fb4b19ade134ab3c7"},
    {file = "numpy-2.2.2-cp313-cp313t-musllinux_1_2_aarch64.whl", hash = "sha256:149d1113ac15005652e8d0d3f6fd599360e1a708a4f98e43c9c77834a28238cb"},
    {file = "numpy-2.2.2-cp313-cp313t-musllinux_1_2_x86_64.whl", hash = "sha256:106397dbbb1896f99e044efc90360d098b3335060375c26aa89c0d8a97c5f648"},
    {file = "numpy-2.2.2-cp313-cp313t-win32.whl", hash = "sha256:0eec19f8af947a61e968d5429f0bd92fec46d92b0008d0a6685b40d6adf8a4f4"},
    {file = "numpy-2.2.2-cp313-cp313t-win_amd64.whl", hash = "sha256:97b974d3ba0fb4612b77ed35d7627490e8e3dff56ab41454d9e8b23448940576"},
    {file = "numpy-2.2.2-pp310-pypy310_pp73-macosx_10_15_x86_64.whl", hash = "sha256:b0531f0b0e07643eb089df4c509d30d72c9ef40defa53e41363eca8a8cc61495"},
    {file = "numpy-2.2.2-pp310-pypy310_pp73-macosx_14_0_x86_64.whl", hash = "sha256:e9e82dcb3f2ebbc8cb5ce1102d5f1c5ed236bf8a11730fb45ba82e2841ec21df"},
    {file = "numpy-2.2.2-pp310-pypy310_pp73-manylinux_2_17_x86_64.manylinux2014_x86_64.whl", hash = "sha256:e0d4142eb40ca6f94539e4db929410f2a46052a0fe7a2c1c59f6179c39938d2a"},
    {file = "numpy-2.2.2-pp310-pypy310_pp73-win_amd64.whl", hash = "sha256:356ca982c188acbfa6af0d694284d8cf20e95b1c3d0aefa8929376fea9146f60"},
    {file = "numpy-2.2.2.tar.gz", hash = "sha256:ed6906f61834d687738d25988ae117683705636936cc605be0bb208b23df4d8f"},
]

[[package]]
name = "pulp"
version = "2.7.0"
description = "PuLP is an LP modeler written in python. PuLP can generate MPS or LP files and call GLPK, COIN CLP/CBC, CPLEX, and GUROBI to solve linear problems."
optional = false
python-versions = "*"
groups = ["main"]
files = [
    {file = "PuLP-2.7.0-py3-none-any.whl", hash = "sha256:b6de42c929e80325bf44cc7a2997f02535440800c376b9eb8cb7b4670ed53769"},
    {file = "PuLP-2.7.0.tar.gz", hash = "sha256:e73ee6b32d639c9b8cf4b4aded334ba158be5f8313544e056f796ace0a10ae63"},
]

[[package]]
name = "sortedcontainers"
version = "2.4.0"
description = "Sorted Containers -- Sorted List, Sorted Dict, Sorted Set"
optional = false
python-versions = "*"
groups = ["main"]
files = [
    {file = "sortedcontainers-2.4.0-py2.py3-none-any.whl", hash = "sha256:a163dcaede0f1c021485e957a39245190e74249897e2ae4b2aa38595db237ee0"},
    {file = "sortedcontainers-2.4.0.tar.gz", hash = "sha256:25caa5a06cc30b6b83d11423433f65d1f9d76c4c6a0c90e3379eaa43b9bfdb88"},
]

[[package]]
name = "sympy"
version = "1.11.1"
description = "Computer algebra system (CAS) in Python"
optional = false
python-versions = ">=3.8"
groups = ["main"]
files = [
    {file = "sympy-1.11.1-py3-none-any.whl", hash = "sha256:938f984ee2b1e8eae8a07b884c8b7a1146010040fccddc6539c54f401c8f6fcf"},
    {file = "sympy-1.11.1.tar.gz", hash = "sha256:e32380dce63cb7c0108ed525570092fd45168bdae2faa17e528221ef72e88658"},
]

[package.dependencies]
mpmath = ">=0.19"

[[package]]
name = "tqdm"
version = "4.67.1"
description = "Fast, Extensible Progress Meter"
optional = false
python-versions = ">=3.7"
groups = ["main"]
files = [
    {file = "tqdm-4.67.1-py3-none-any.whl", hash = "sha256:26445eca388f82e72884e0d580d5464cd801a3ea01e63e5601bdff9ba6a48de2"},
    {file = "tqdm-4.67.1.tar.gz", hash = "sha256:f8aef9c52c08c13a65f30ea34f4e5aac3fd1a34959879d7e59e63027286627f2"},
]

[package.dependencies]
colorama = {version = "*", markers = "platform_system == \"Windows\""}

[package.extras]
dev = ["nbval", "pytest (>=6)", "pytest-asyncio (>=0.24)", "pytest-cov", "pytest-timeout"]
discord = ["requests"]
notebook = ["ipywidgets (>=6)"]
slack = ["slack-sdk"]
telegram = ["requests"]

[[package]]
name = "z3-solver"
version = "4.12.1.0"
description = "an efficient SMT solver library"
optional = false
python-versions = "*"
groups = ["main"]
files = [
    {file = "z3-solver-4.12.1.0.tar.gz", hash = "sha256:c6b7c0f1c595ba47609d0e02b0cc263dc755def9f8d6f51c1943aec040a1eb2d"},
    {file = "z3_solver-4.12.1.0-py2.py3-none-macosx_10_16_x86_64.whl", hash = "sha256:c4f1a53bce12b45698e8e49bd980cd3d3f0298c1ba4cf8c40525af86797565c8"},
    {file = "z3_solver-4.12.1.0-py2.py3-none-macosx_11_0_arm64.whl", hash = "sha256:553ec3cd0188420bc5f007dd873fb0d87075d1b93808eca8c02324eb3a5f6f68"},
    {file = "z3_solver-4.12.1.0-py2.py3-none-manylinux1_x86_64.whl", hash = "sha256:41cb9ac460af30b193811eebf919d61cf51a8856bbd74b200cbe6b21e3e955e4"},
    {file = "z3_solver-4.12.1.0-py2.py3-none-win32.whl", hash = "sha256:85ff9f59b0f87df4dc0cd52baebb247b8049f2df6aad623151f4c4a21d3d01ac"},
    {file = "z3_solver-4.12.1.0-py2.py3-none-win_amd64.whl", hash = "sha256:aa0e06d42070774a2f89818c412514d41fc84578f32d617de618b214e5ed8154"},
]

[metadata]
lock-version = "2.1"
python-versions = ">=3.10"
content-hash = "65e0a3218ab666ff3ba1414ca3669853ec1438f164d280c3f274cd936072ee35"
